// !$*UTF8*$!
{
	archiveVersion = 1;
	classes = {
	};
	objectVersion = 50;
	objects = {

/* Begin PBXBuildFile section */
		FC4EBFA522046247002CBAE4 /* AppDelegate.swift in Sources */ = {isa = PBXBuildFile; fileRef = FC4EBFA422046247002CBAE4 /* AppDelegate.swift */; };
		FC4EBFA722046247002CBAE4 /* ViewController.swift in Sources */ = {isa = PBXBuildFile; fileRef = FC4EBFA622046247002CBAE4 /* ViewController.swift */; };
		FC4EBFAA22046247002CBAE4 /* Main.storyboard in Resources */ = {isa = PBXBuildFile; fileRef = FC4EBFA822046247002CBAE4 /* Main.storyboard */; };
		FC4EBFAD22046247002CBAE4 /* CoreDataExample.xcdatamodeld in Sources */ = {isa = PBXBuildFile; fileRef = FC4EBFAB22046247002CBAE4 /* CoreDataExample.xcdatamodeld */; };
		FC4EBFAF22046248002CBAE4 /* Assets.xcassets in Resources */ = {isa = PBXBuildFile; fileRef = FC4EBFAE22046248002CBAE4 /* Assets.xcassets */; };
		FC4EBFB222046248002CBAE4 /* LaunchScreen.storyboard in Resources */ = {isa = PBXBuildFile; fileRef = FC4EBFB022046248002CBAE4 /* LaunchScreen.storyboard */; };
		FC4EBFBB220463F4002CBAE4 /* DataViewController.swift in Sources */ = {isa = PBXBuildFile; fileRef = FC4EBFB9220463F4002CBAE4 /* DataViewController.swift */; };
		FC4EBFBC220463F4002CBAE4 /* DataViewController.xib in Resources */ = {isa = PBXBuildFile; fileRef = FC4EBFBA220463F4002CBAE4 /* DataViewController.xib */; };
		FC4EBFBF2204665D002CBAE4 /* Cell.swift in Sources */ = {isa = PBXBuildFile; fileRef = FC4EBFBD2204665D002CBAE4 /* Cell.swift */; };
		FC4EBFC02204665D002CBAE4 /* Cell.xib in Resources */ = {isa = PBXBuildFile; fileRef = FC4EBFBE2204665D002CBAE4 /* Cell.xib */; };
/* End PBXBuildFile section */

/* Begin PBXFileReference section */
		FC4EBFA122046247002CBAE4 /* CoreDataExample.app */ = {isa = PBXFileReference; explicitFileType = wrapper.application; includeInIndex = 0; path = CoreDataExample.app; sourceTree = BUILT_PRODUCTS_DIR; };
		FC4EBFA422046247002CBAE4 /* AppDelegate.swift */ = {isa = PBXFileReference; lastKnownFileType = sourcecode.swift; path = AppDelegate.swift; sourceTree = "<group>"; };
		FC4EBFA622046247002CBAE4 /* ViewController.swift */ = {isa = PBXFileReference; lastKnownFileType = sourcecode.swift; path = ViewController.swift; sourceTree = "<group>"; };
		FC4EBFA922046247002CBAE4 /* Base */ = {isa = PBXFileReference; lastKnownFileType = file.storyboard; name = Base; path = Base.lproj/Main.storyboard; sourceTree = "<group>"; };
		FC4EBFAC22046247002CBAE4 /* CoreDataExample.xcdatamodel */ = {isa = PBXFileReference; lastKnownFileType = wrapper.xcdatamodel; path = CoreDataExample.xcdatamodel; sourceTree = "<group>"; };
		FC4EBFAE22046248002CBAE4 /* Assets.xcassets */ = {isa = PBXFileReference; lastKnownFileType = folder.assetcatalog; path = Assets.xcassets; sourceTree = "<group>"; };
		FC4EBFB122046248002CBAE4 /* Base */ = {isa = PBXFileReference; lastKnownFileType = file.storyboard; name = Base; path = Base.lproj/LaunchScreen.storyboard; sourceTree = "<group>"; };
		FC4EBFB322046248002CBAE4 /* Info.plist */ = {isa = PBXFileReference; lastKnownFileType = text.plist.xml; path = Info.plist; sourceTree = "<group>"; };
		FC4EBFB9220463F4002CBAE4 /* DataViewController.swift */ = {isa = PBXFileReference; lastKnownFileType = sourcecode.swift; path = DataViewController.swift; sourceTree = "<group>"; };
		FC4EBFBA220463F4002CBAE4 /* DataViewController.xib */ = {isa = PBXFileReference; lastKnownFileType = file.xib; path = DataViewController.xib; sourceTree = "<group>"; };
		FC4EBFBD2204665D002CBAE4 /* Cell.swift */ = {isa = PBXFileReference; lastKnownFileType = sourcecode.swift; path = Cell.swift; sourceTree = "<group>"; };
		FC4EBFBE2204665D002CBAE4 /* Cell.xib */ = {isa = PBXFileReference; lastKnownFileType = file.xib; path = Cell.xib; sourceTree = "<group>"; };
/* End PBXFileReference section */

/* Begin PBXFrameworksBuildPhase section */
		FC4EBF9E22046247002CBAE4 /* Frameworks */ = {
			isa = PBXFrameworksBuildPhase;
			buildActionMask = 2147483647;
			files = (
			);
			runOnlyForDeploymentPostprocessing = 0;
		};
/* End PBXFrameworksBuildPhase section */

/* Begin PBXGroup section */
		FC4EBF9822046247002CBAE4 = {
			isa = PBXGroup;
			children = (
				FC4EBFA322046247002CBAE4 /* CoreDataExample */,
				FC4EBFA222046247002CBAE4 /* Products */,
			);
			sourceTree = "<group>";
		};
		FC4EBFA222046247002CBAE4 /* Products */ = {
			isa = PBXGroup;
			children = (
				FC4EBFA122046247002CBAE4 /* CoreDataExample.app */,
			);
			name = Products;
			sourceTree = "<group>";
		};
		FC4EBFA322046247002CBAE4 /* CoreDataExample */ = {
			isa = PBXGroup;
			children = (
				FC4EBFA422046247002CBAE4 /* AppDelegate.swift */,
				FC4EBFB9220463F4002CBAE4 /* DataViewController.swift */,
				FC4EBFBA220463F4002CBAE4 /* DataViewController.xib */,
				FC4EBFBD2204665D002CBAE4 /* Cell.swift */,
				FC4EBFBE2204665D002CBAE4 /* Cell.xib */,
				FC4EBFA622046247002CBAE4 /* ViewController.swift */,
				FC4EBFA822046247002CBAE4 /* Main.storyboard */,
				FC4EBFAE22046248002CBAE4 /* Assets.xcassets */,
				FC4EBFB022046248002CBAE4 /* LaunchScreen.storyboard */,
				FC4EBFB322046248002CBAE4 /* Info.plist */,
				FC4EBFAB22046247002CBAE4 /* CoreDataExample.xcdatamodeld */,
			);
			path = CoreDataExample;
			sourceTree = "<group>";
		};
/* End PBXGroup section */

/* Begin PBXNativeTarget section */
		FC4EBFA022046247002CBAE4 /* CoreDataExample */ = {
			isa = PBXNativeTarget;
			buildConfigurationList = FC4EBFB622046248002CBAE4 /* Build configuration list for PBXNativeTarget "CoreDataExample" */;
			buildPhases = (
				FC4EBF9D22046247002CBAE4 /* Sources */,
				FC4EBF9E22046247002CBAE4 /* Frameworks */,
				FC4EBF9F22046247002CBAE4 /* Resources */,
			);
			buildRules = (
			);
			dependencies = (
			);
			name = CoreDataExample;
			productName = CoreDataExample;
			productReference = FC4EBFA122046247002CBAE4 /* CoreDataExample.app */;
			productType = "com.apple.product-type.application";
		};
/* End PBXNativeTarget section */

/* Begin PBXProject section */
		FC4EBF9922046247002CBAE4 /* Project object */ = {
			isa = PBXProject;
			attributes = {
				LastSwiftUpdateCheck = 1010;
				LastUpgradeCheck = 1010;
				ORGANIZATIONNAME = Sandiaa;
				TargetAttributes = {
					FC4EBFA022046247002CBAE4 = {
						CreatedOnToolsVersion = 10.1;
					};
				};
			};
			buildConfigurationList = FC4EBF9C22046247002CBAE4 /* Build configuration list for PBXProject "CoreDataExample" */;
			compatibilityVersion = "Xcode 9.3";
			developmentRegion = en;
			hasScannedForEncodings = 0;
			knownRegions = (
				en,
				Base,
			);
			mainGroup = FC4EBF9822046247002CBAE4;
			productRefGroup = FC4EBFA222046247002CBAE4 /* Products */;
			projectDirPath = "";
			projectRoot = "";
			targets = (
				FC4EBFA022046247002CBAE4 /* CoreDataExample */,
			);
		};
/* End PBXProject section */

/* Begin PBXResourcesBuildPhase section */
		FC4EBF9F22046247002CBAE4 /* Resources */ = {
			isa = PBXResourcesBuildPhase;
			buildActionMask = 2147483647;
			files = (
				FC4EBFBC220463F4002CBAE4 /* DataViewController.xib in Resources */,
				FC4EBFC02204665D002CBAE4 /* Cell.xib in Resources */,
				FC4EBFB222046248002CBAE4 /* LaunchScreen.storyboard in Resources */,
				FC4EBFAF22046248002CBAE4 /* Assets.xcassets in Resources */,
				FC4EBFAA22046247002CBAE4 /* Main.storyboard in Resources */,
			);
			runOnlyForDeploymentPostprocessing = 0;
		};
/* End PBXResourcesBuildPhase section */

/* Begin PBXSourcesBuildPhase section */
		FC4EBF9D22046247002CBAE4 /* Sources */ = {
			isa = PBXSourcesBuildPhase;
			buildActionMask = 2147483647;
			files = (
				FC4EBFBB220463F4002CBAE4 /* DataViewController.swift in Sources */,
				FC4EBFA722046247002CBAE4 /* ViewController.swift in Sources */,
				FC4EBFBF2204665D002CBAE4 /* Cell.swift in Sources */,
				FC4EBFA522046247002CBAE4 /* AppDelegate.swift in Sources */,
				FC4EBFAD22046247002CBAE4 /* CoreDataExample.xcdatamodeld in Sources */,
			);
			runOnlyForDeploymentPostprocessing = 0;
		};
/* End PBXSourcesBuildPhase section */

/* Begin PBXVariantGroup section */
		FC4EBFA822046247002CBAE4 /* Main.storyboard */ = {
			isa = PBXVariantGroup;
			children = (
				FC4EBFA922046247002CBAE4 /* Base */,
			);
			name = Main.storyboard;
			sourceTree = "<group>";
		};
		FC4EBFB022046248002CBAE4 /* LaunchScreen.storyboard */ = {
			isa = PBXVariantGroup;
			children = (
				FC4EBFB122046248002CBAE4 /* Base */,
			);
			name = LaunchScreen.storyboard;
			sourceTree = "<group>";
		};
/* End PBXVariantGroup section */

/* Begin XCBuildConfiguration section */
		FC4EBFB422046248002CBAE4 /* Debug */ = {
			isa = XCBuildConfiguration;
			buildSettings = {
				ALWAYS_SEARCH_USER_PATHS = NO;
				CLANG_ANALYZER_NONNULL = YES;
				CLANG_ANALYZER_NUMBER_OBJECT_CONVERSION = YES_AGGRESSIVE;
				CLANG_CXX_LANGUAGE_STANDARD = "gnu++14";
				CLANG_CXX_LIBRARY = "libc++";
				CLANG_ENABLE_MODULES = YES;
				CLANG_ENABLE_OBJC_ARC = YES;
				CLANG_ENABLE_OBJC_WEAK = YES;
				CLANG_WARN_BLOCK_CAPTURE_AUTORELEASING = YES;
				CLANG_WARN_BOOL_CONVERSION = YES;
				CLANG_WARN_COMMA = YES;
				CLANG_WARN_CONSTANT_CONVERSION = YES;
				CLANG_WARN_DEPRECATED_OBJC_IMPLEMENTATIONS = YES;
				CLANG_WARN_DIRECT_OBJC_ISA_USAGE = YES_ERROR;
				CLANG_WARN_DOCUMENTATION_COMMENTS = YES;
				CLANG_WARN_EMPTY_BODY = YES;
				CLANG_WARN_ENUM_CONVERSION = YES;
				CLANG_WARN_INFINITE_RECURSION = YES;
				CLANG_WARN_INT_CONVERSION = YES;
				CLANG_WARN_NON_LITERAL_NULL_CONVERSION = YES;
				CLANG_WARN_OBJC_IMPLICIT_RETAIN_SELF = YES;
				CLANG_WARN_OBJC_LITERAL_CONVERSION = YES;
				CLANG_WARN_OBJC_ROOT_CLASS = YES_ERROR;
				CLANG_WARN_RANGE_LOOP_ANALYSIS = YES;
				CLANG_WARN_STRICT_PROTOTYPES = YES;
				CLANG_WARN_SUSPICIOUS_MOVE = YES;
				CLANG_WARN_UNGUARDED_AVAILABILITY = YES_AGGRESSIVE;
				CLANG_WARN_UNREACHABLE_CODE = YES;
				CLANG_WARN__DUPLICATE_METHOD_MATCH = YES;
				CODE_SIGN_IDENTITY = "iPhone Developer";
				COPY_PHASE_STRIP = NO;
				DEBUG_INFORMATION_FORMAT = dwarf;
				ENABLE_STRICT_OBJC_MSGSEND = YES;
				ENABLE_TESTABILITY = YES;
				GCC_C_LANGUAGE_STANDARD = gnu11;
				GCC_DYNAMIC_NO_PIC = NO;
				GCC_NO_COMMON_BLOCKS = YES;
				GCC_OPTIMIZATION_LEVEL = 0;
				GCC_PREPROCESSOR_DEFINITIONS = (
					"DEBUG=1",
					"$(inherited)",
				);
				GCC_WARN_64_TO_32_BIT_CONVERSION = YES;
				GCC_WARN_ABOUT_RETURN_TYPE = YES_ERROR;
				GCC_WARN_UNDECLARED_SELECTOR = YES;
				GCC_WARN_UNINITIALIZED_AUTOS = YES_AGGRESSIVE;
				GCC_WARN_UNUSED_FUNCTION = YES;
				GCC_WARN_UNUSED_VARIABLE = YES;
				IPHONEOS_DEPLOYMENT_TARGET = 12.1;
				MTL_ENABLE_DEBUG_INFO = INCLUDE_SOURCE;
				MTL_FAST_MATH = YES;
				ONLY_ACTIVE_ARCH = YES;
				SDKROOT = iphoneos;
				SWIFT_ACTIVE_COMPILATION_CONDITIONS = DEBUG;
				SWIFT_OPTIMIZATION_LEVEL = "-Onone";
			};
			name = Debug;
		};
		FC4EBFB522046248002CBAE4 /* Release */ = {
			isa = XCBuildConfiguration;
			buildSettings = {
				ALWAYS_SEARCH_USER_PATHS = NO;
				CLANG_ANALYZER_NONNULL = YES;
				CLANG_ANALYZER_NUMBER_OBJECT_CONVERSION = YES_AGGRESSIVE;
				CLANG_CXX_LANGUAGE_STANDARD = "gnu++14";
				CLANG_CXX_LIBRARY = "libc++";
				CLANG_ENABLE_MODULES = YES;
				CLANG_ENABLE_OBJC_ARC = YES;
				CLANG_ENABLE_OBJC_WEAK = YES;
				CLANG_WARN_BLOCK_CAPTURE_AUTORELEASING = YES;
				CLANG_WARN_BOOL_CONVERSION = YES;
				CLANG_WARN_COMMA = YES;
				CLANG_WARN_CONSTANT_CONVERSION = YES;
				CLANG_WARN_DEPRECATED_OBJC_IMPLEMENTATIONS = YES;
				CLANG_WARN_DIRECT_OBJC_ISA_USAGE = YES_ERROR;
				CLANG_WARN_DOCUMENTATION_COMMENTS = YES;
				CLANG_WARN_EMPTY_BODY = YES;
				CLANG_WARN_ENUM_CONVERSION = YES;
				CLANG_WARN_INFINITE_RECURSION = YES;
				CLANG_WARN_INT_CONVERSION = YES;
				CLANG_WARN_NON_LITERAL_NULL_CONVERSION = YES;
				CLANG_WARN_OBJC_IMPLICIT_RETAIN_SELF = YES;
				CLANG_WARN_OBJC_LITERAL_CONVERSION = YES;
				CLANG_WARN_OBJC_ROOT_CLASS = YES_ERROR;
				CLANG_WARN_RANGE_LOOP_ANALYSIS = YES;
				CLANG_WARN_STRICT_PROTOTYPES = YES;
				CLANG_WARN_SUSPICIOUS_MOVE = YES;
				CLANG_WARN_UNGUARDED_AVAILABILITY = YES_AGGRESSIVE;
				CLANG_WARN_UNREACHABLE_CODE = YES;
				CLANG_WARN__DUPLICATE_METHOD_MATCH = YES;
				CODE_SIGN_IDENTITY = "iPhone Developer";
				COPY_PHASE_STRIP = NO;
				DEBUG_INFORMATION_FORMAT = "dwarf-with-dsym";
				ENABLE_NS_ASSERTIONS = NO;
				ENABLE_STRICT_OBJC_MSGSEND = YES;
				GCC_C_LANGUAGE_STANDARD = gnu11;
				GCC_NO_COMMON_BLOCKS = YES;
				GCC_WARN_64_TO_32_BIT_CONVERSION = YES;
				GCC_WARN_ABOUT_RETURN_TYPE = YES_ERROR;
				GCC_WARN_UNDECLARED_SELECTOR = YES;
				GCC_WARN_UNINITIALIZED_AUTOS = YES_AGGRESSIVE;
				GCC_WARN_UNUSED_FUNCTION = YES;
				GCC_WARN_UNUSED_VARIABLE = YES;
				IPHONEOS_DEPLOYMENT_TARGET = 12.1;
				MTL_ENABLE_DEBUG_INFO = NO;
				MTL_FAST_MATH = YES;
				SDKROOT = iphoneos;
				SWIFT_COMPILATION_MODE = wholemodule;
				SWIFT_OPTIMIZATION_LEVEL = "-O";
				VALIDATE_PRODUCT = YES;
			};
			name = Release;
		};
		FC4EBFB722046248002CBAE4 /* Debug */ = {
			isa = XCBuildConfiguration;
			buildSettings = {
				ASSETCATALOG_COMPILER_APPICON_NAME = AppIcon;
				CODE_SIGN_STYLE = Automatic;
				DEVELOPMENT_TEAM = HSB3FLWF7Q;
				INFOPLIST_FILE = CoreDataExample/Info.plist;
				LD_RUNPATH_SEARCH_PATHS = (
					"$(inherited)",
					"@executable_path/Frameworks",
				);
				PRODUCT_BUNDLE_IDENTIFIER = sandiaa.CoreDataExample;
				PRODUCT_NAME = "$(TARGET_NAME)";
				SWIFT_VERSION = 4.2;
				TARGETED_DEVICE_FAMILY = "1,2";
			};
			name = Debug;
		};
		FC4EBFB822046248002CBAE4 /* Release */ = {
			isa = XCBuildConfiguration;
			buildSettings = {
				ASSETCATALOG_COMPILER_APPICON_NAME = AppIcon;
				CODE_SIGN_STYLE = Automatic;
				DEVELOPMENT_TEAM = HSB3FLWF7Q;
				INFOPLIST_FILE = CoreDataExample/Info.plist;
				LD_RUNPATH_SEARCH_PATHS = (
					"$(inherited)",
					"@executable_path/Frameworks",
				);
				PRODUCT_BUNDLE_IDENTIFIER = sandiaa.CoreDataExample;
				PRODUCT_NAME = "$(TARGET_NAME)";
				SWIFT_VERSION = 4.2;
				TARGETED_DEVICE_FAMILY = "1,2";
			};
			name = Release;
		};
/* End XCBuildConfiguration section */

/* Begin XCConfigurationList section */
		FC4EBF9C22046247002CBAE4 /* Build configuration list for PBXProject "CoreDataExample" */ = {
			isa = XCConfigurationList;
			buildConfigurations = (
				FC4EBFB422046248002CBAE4 /* Debug */,
				FC4EBFB522046248002CBAE4 /* Release */,
			);
			defaultConfigurationIsVisible = 0;
			defaultConfigurationName = Release;
		};
		FC4EBFB622046248002CBAE4 /* Build configuration list for PBXNativeTarget "CoreDataExample" */ = {
			isa = XCConfigurationList;
			buildConfigurations = (
				FC4EBFB722046248002CBAE4 /* Debug */,
				FC4EBFB822046248002CBAE4 /* Release */,
			);
			defaultConfigurationIsVisible = 0;
			defaultConfigurationName = Release;
		};
/* End XCConfigurationList section */

/* Begin XCVersionGroup section */
		FC4EBFAB22046247002CBAE4 /* CoreDataExample.xcdatamodeld */ = {
			isa = XCVersionGroup;
			children = (
				FC4EBFAC22046247002CBAE4 /* CoreDataExample.xcdatamodel */,
			);
			currentVersion = FC4EBFAC22046247002CBAE4 /* CoreDataExample.xcdatamodel */;
			path = CoreDataExample.xcdatamodeld;
			sourceTree = "<group>";
			versionGroupType = wrapper.xcdatamodel;
		};
/* End XCVersionGroup section */
	};
	rootObject = FC4EBF9922046247002CBAE4 /* Project object */;
}
